
Microsoft Visual Studio Solution File, Format Version 12.00
# Visual Studio Version 18
VisualStudioVersion = 18.3.11520.95 d18.3
MinimumVisualStudioVersion = 10.0.40219.1
Project("{FAE04EC0-301F-11D3-BF4B-00C04F79EFBC}") = "PracticeTravelPlanningApp", "PracticeTravelPlanningApp.csproj", "{44AC5559-4A47-4CFE-884B-39FF796F8A99}"
EndProject
Global
	GlobalSection(SolutionConfigurationPlatforms) = preSolution
		Debug|Any CPU = Debug|Any CPU
		Release|Any CPU = Release|Any CPU
	EndGlobalSection
	GlobalSection(ProjectConfigurationPlatforms) = postSolution
		{44AC5559-4A47-4CFE-884B-39FF796F8A99}.Debug|Any CPU.ActiveCfg = Debug|Any CPU
		{44AC5559-4A47-4CFE-884B-39FF796F8A99}.Debug|Any CPU.Build.0 = Debug|Any CPU
		{44AC5559-4A47-4CFE-884B-39FF796F8A99}.Release|Any CPU.ActiveCfg = Release|Any CPU
		{44AC5559-4A47-4CFE-884B-39FF796F8A99}.Release|Any CPU.Build.0 = Release|Any CPU
	EndGlobalSection
	GlobalSection(SolutionProperties) = preSolution
		HideSolutionNode = FALSE
	EndGlobalSection
	GlobalSection(ExtensibilityGlobals) = postSolution
		SolutionGuid = {FA5717AE-E93E-45B1-940E-ED4607E2BA27}
	EndGlobalSection
EndGlobal
